
Microsoft Visual Studio Solution File, Format Version 12.00
Project("{FAE04EC0-301F-11D3-BF4B-00C04F79EFBC}") = "FaceSwapStudioWeb", "FaceSwapStudioWeb\FaceSwapStudioWeb.csproj", "{B8567663-DA91-4656-A255-776FDF5FA696}"
EndProject
Global
	GlobalSection(SolutionConfigurationPlatforms) = preSolution
		Debug|Any CPU = Debug|Any CPU
		Release|Any CPU = Release|Any CPU
	EndGlobalSection
	GlobalSection(ProjectConfigurationPlatforms) = postSolution
		{B8567663-DA91-4656-A255-776FDF5FA696}.Debug|Any CPU.ActiveCfg = Debug|Any CPU
		{B8567663-DA91-4656-A255-776FDF5FA696}.Debug|Any CPU.Build.0 = Debug|Any CPU
		{B8567663-DA91-4656-A255-776FDF5FA696}.Release|Any CPU.ActiveCfg = Release|Any CPU
		{B8567663-DA91-4656-A255-776FDF5FA696}.Release|Any CPU.Build.0 = Release|Any CPU
	EndGlobalSection
EndGlobal
